{"enums":{},"messages":{"oracle::Request":[{"name":"limb0","ty":{"primitive":"u64"}},{"name":"limb1","ty":{"primitive":"u64"}},{"name":"limb2","ty":{"primitive":"u64"}},{"name":"limb3","ty":{"primitive":"u64"}}],"oracle::Response":[{"name":"limb0","ty":{"primitive":"u64"}},{"name":"limb1","ty":{"primitive":"u64"}},{"name":"limb2","ty":{"primitive":"u64"}},{"name":"limb3","ty":{"primitive":"u64"}}]},"services":{"SqrtOracle":{"sqrt":{"input":{"message":"oracle::Request"},"output":{"message":"oracle::Response"}}}}}